
Microsoft Visual Studio Solution File, Format Version 12.00
# Visual Studio Version 16
VisualStudioVersion = 16.0.30011.22
MinimumVisualStudioVersion = 10.0.40219.1
Project("{FAE04EC0-301F-11D3-BF4B-00C04F79EFBC}") = "Sol_Demo", "Sol_Demo\Sol_Demo.csproj", "{9F8096AB-F425-43FB-A450-CEF923EDACAB}"
EndProject
Global
	GlobalSection(SolutionConfigurationPlatforms) = preSolution
		Debug|Any CPU = Debug|Any CPU
		Release|Any CPU = Release|Any CPU
	EndGlobalSection
	GlobalSection(ProjectConfigurationPlatforms) = postSolution
		{9F8096AB-F425-43FB-A450-CEF923EDACAB}.Debug|Any CPU.ActiveCfg = Debug|Any CPU
		{9F8096AB-F425-43FB-A450-CEF923EDACAB}.Debug|Any CPU.Build.0 = Debug|Any CPU
		{9F8096AB-F425-43FB-A450-CEF923EDACAB}.Release|Any CPU.ActiveCfg = Release|Any CPU
		{9F8096AB-F425-43FB-A450-CEF923EDACAB}.Release|Any CPU.Build.0 = Release|Any CPU
	EndGlobalSection
	GlobalSection(SolutionProperties) = preSolution
		HideSolutionNode = FALSE
	EndGlobalSection
	GlobalSection(ExtensibilityGlobals) = postSolution
		SolutionGuid = {F208B0EA-D8F9-4230-8B7F-349CA6CAC0B1}
	EndGlobalSection
EndGlobal
